
Microsoft Visual Studio Solution File, Format Version 12.00
# Visual Studio Version 17
VisualStudioVersion = 17.9.34723.18
MinimumVisualStudioVersion = 10.0.40219.1
Project("{9A19103F-16F7-4668-BE54-9A1E7A4F7556}") = "EmailProvider_Rika", "EmailProvider_Rika\EmailProvider_Rika.csproj", "{02A47921-9BEA-4682-A075-0063CFAD3CFF}"
EndProject
Global
	GlobalSection(SolutionConfigurationPlatforms) = preSolution
		Debug|Any CPU = Debug|Any CPU
		Release|Any CPU = Release|Any CPU
	EndGlobalSection
	GlobalSection(ProjectConfigurationPlatforms) = postSolution
		{02A47921-9BEA-4682-A075-0063CFAD3CFF}.Debug|Any CPU.ActiveCfg = Debug|Any CPU
		{02A47921-9BEA-4682-A075-0063CFAD3CFF}.Debug|Any CPU.Build.0 = Debug|Any CPU
		{02A47921-9BEA-4682-A075-0063CFAD3CFF}.Release|Any CPU.ActiveCfg = Release|Any CPU
		{02A47921-9BEA-4682-A075-0063CFAD3CFF}.Release|Any CPU.Build.0 = Release|Any CPU
	EndGlobalSection
	GlobalSection(SolutionProperties) = preSolution
		HideSolutionNode = FALSE
	EndGlobalSection
	GlobalSection(ExtensibilityGlobals) = postSolution
		SolutionGuid = {DF26448D-2070-45DD-A82F-217368CBF154}
	EndGlobalSection
EndGlobal
